<?xml version="1.0" encoding="utf-8"?>
<Project ToolsVersion="4.0" xmlns="http://schemas.microsoft.com/developer/msbuild/2003">
  <ItemGroup>
    <Filter Include="Source Files">
      <UniqueIdentifier>{4FC737F1-C7A5-4376-A066-2A32D752A2FF}</UniqueIdentifier>
      <Extensions>cpp;c;cc;cxx;def;odl;idl;hpj;bat;asm;asmx</Extensions>
    </Filter>
    <Filter Include="Header Files">
      <UniqueIdentifier>{93995380-89BD-4b04-88EB-625FBE52EBFB}</UniqueIdentifier>
      <Extensions>h;hpp;hxx;hm;inl;inc;xsd</Extensions>
    </Filter>
    <Filter Include="Resource Files">
      <UniqueIdentifier>{67DA6AB6-F800-4c08-8B7A-83BB121AAD01}</UniqueIdentifier>
      <Extensions>rc;ico;cur;bmp;dlg;rc2;rct;bin;rgs;gif;jpg;jpeg;jpe;resx;tiff;tif;png;wav;mfcribbon-ms</Extensions>
    </Filter>
  </ItemGroup>
  <ItemGroup>
    <None Include="ReadMe.txt" />
    <None Include="app.ico">
      <Filter>Resource Files</Filter>
    </None>
    <None Include="login\Debug\login.pch" />
  </ItemGroup>
  <ItemGroup>
    <ClCompile Include="login.cpp">
      <Filter>Source Files</Filter>
    </ClCompile>
    <ClCompile Include="AssemblyInfo.cpp">
      <Filter>Source Files</Filter>
    </ClCompile>
    <ClCompile Include="signup.cpp">
      <Filter>Source Files</Filter>
    </ClCompile>
    <ClCompile Include="start_page.cpp">
      <Filter>Source Files</Filter>
    </ClCompile>
    <ClCompile Include="mainform.cpp">
      <Filter>Source Files</Filter>
    </ClCompile>
    <ClCompile Include="mainpage_admin.cpp">
      <Filter>Source Files</Filter>
    </ClCompile>
    <ClCompile Include="examPage.cpp">
      <Filter>Source Files</Filter>
    </ClCompile>
    <ClCompile Include="login\stdafx.cpp">
      <Filter>Source Files</Filter>
    </ClCompile>
    <ClCompile Include="scoreCard\scoreCard\scoreCard.cpp">
      <Filter>Source Files</Filter>
    </ClCompile>
    <ClCompile Include="scoreCard.cpp">
      <Filter>Source Files</Filter>
    </ClCompile>
  </ItemGroup>
  <ItemGroup>
    <ClInclude Include="Form1.h">
      <Filter>Header Files</Filter>
    </ClInclude>
    <ClInclude Include="resource.h">
      <Filter>Header Files</Filter>
    </ClInclude>
    <ClInclude Include="signup.h">
      <Filter>Header Files</Filter>
    </ClInclude>
    <ClInclude Include="start_page.h">
      <Filter>Header Files</Filter>
    </ClInclude>
    <ClInclude Include="mainform.h">
      <Filter>Header Files</Filter>
    </ClInclude>
    <ClInclude Include="mainpage_admin.h">
      <Filter>Header Files</Filter>
    </ClInclude>
    <ClInclude Include="tryy\tryy\stdafx.h">
      <Filter>Header Files</Filter>
    </ClInclude>
    <ClInclude Include="examPage.h">
      <Filter>Header Files</Filter>
    </ClInclude>
    <ClInclude Include="scoreCard\scoreCard\resource.h">
      <Filter>Header Files</Filter>
    </ClInclude>
    <ClInclude Include="scoreCard.h">
      <Filter>Header Files</Filter>
    </ClInclude>
  </ItemGroup>
  <ItemGroup>
    <ResourceCompile Include="app.rc">
      <Filter>Resource Files</Filter>
    </ResourceCompile>
    <ResourceCompile Include="scoreCard\scoreCard\scoreCard.rc">
      <Filter>Resource Files</Filter>
    </ResourceCompile>
  </ItemGroup>
  <ItemGroup>
    <EmbeddedResource Include="Form1.resX">
      <Filter>Resource Files</Filter>
    </EmbeddedResource>
    <EmbeddedResource Include="signup.resx">
      <Filter>Resource Files</Filter>
    </EmbeddedResource>
    <EmbeddedResource Include="start_page.resx">
      <Filter>Resource Files</Filter>
    </EmbeddedResource>
    <EmbeddedResource Include="adminepage\adminepage\mainform.resx">
      <Filter>Resource Files</Filter>
    </EmbeddedResource>
    <EmbeddedResource Include="adminepage\adminepage\mainpage_admin.resx">
      <Filter>Resource Files</Filter>
    </EmbeddedResource>
    <EmbeddedResource Include="tryy\tryy\Form1.resX">
      <Filter>Resource Files</Filter>
    </EmbeddedResource>
    <EmbeddedResource Include="scoreCard\scoreCard\scoreCard.resx">
      <Filter>Resource Files</Filter>
    </EmbeddedResource>
  </ItemGroup>
  <ItemGroup>
    <Manifest Include="Debug\login.exe.intermediate.manifest" />
    <Manifest Include="adminepage\adminepage\Debug\adminepage.exe.intermediate.manifest" />
    <Manifest Include="tryy\tryy\Debug\tryy.exe.intermediate.manifest" />
    <Manifest Include="scoreCard\scoreCard\Debug\scoreCard.exe.intermediate.manifest" />
  </ItemGroup>
</Project>